// !$*UTF8*$!
{
	archiveVersion = 1;
	classes = {
	};
	objectVersion = 77;
	objects = {

/* Begin PBXBuildFile section */
		2B8728012CE878C400645580 /* SnapKit in Frameworks */ = {isa = PBXBuildFile; productRef = 2B8728002CE878C400645580 /* SnapKit */; };
		2B8728032CE878C400645580 /* SnapKit-Dynamic in Frameworks */ = {isa = PBXBuildFile; productRef = 2B8728022CE878C400645580 /* SnapKit-Dynamic */; };
		2B8728062CE878D000645580 /* Then in Frameworks */ = {isa = PBXBuildFile; productRef = 2B8728052CE878D000645580 /* Then */; };
		2B87280B2CE8792000645580 /* SnapKit in Frameworks */ = {isa = PBXBuildFile; productRef = 2B87280A2CE8792000645580 /* SnapKit */; };
		2B87280D2CE8792000645580 /* SnapKit-Dynamic in Frameworks */ = {isa = PBXBuildFile; productRef = 2B87280C2CE8792000645580 /* SnapKit-Dynamic */; };
		2B8728102CE8792800645580 /* Then in Frameworks */ = {isa = PBXBuildFile; productRef = 2B87280F2CE8792800645580 /* Then */; };
		2B8728122CE87A5300645580 /* Then in Frameworks */ = {isa = PBXBuildFile; productRef = 2B8728112CE87A5300645580 /* Then */; };
		2B8728142CE87A6300645580 /* SnapKit in Frameworks */ = {isa = PBXBuildFile; productRef = 2B8728132CE87A6300645580 /* SnapKit */; };
		2B8728162CE87A6300645580 /* SnapKit-Dynamic in Frameworks */ = {isa = PBXBuildFile; productRef = 2B8728152CE87A6300645580 /* SnapKit-Dynamic */; };
		2B8728D92CE88F8D00645580 /* SnapKit in Frameworks */ = {isa = PBXBuildFile; productRef = 2B8728D82CE88F8D00645580 /* SnapKit */; };
		2B8728DB2CE88F8D00645580 /* SnapKit-Dynamic in Frameworks */ = {isa = PBXBuildFile; productRef = 2B8728DA2CE88F8D00645580 /* SnapKit-Dynamic */; };
		2B8728DD2CE88FA300645580 /* Then in Frameworks */ = {isa = PBXBuildFile; productRef = 2B8728DC2CE88FA300645580 /* Then */; };
		2B8728DF2CE8914A00645580 /* SnapKit in Frameworks */ = {isa = PBXBuildFile; productRef = 2B8728DE2CE8914A00645580 /* SnapKit */; };
		2B8728E22CE8924D00645580 /* SnapKit in Frameworks */ = {isa = PBXBuildFile; productRef = 2B8728E12CE8924D00645580 /* SnapKit */; };
		2B8728E52CE8925900645580 /* Then in Frameworks */ = {isa = PBXBuildFile; productRef = 2B8728E42CE8925900645580 /* Then */; };
		2B8728E72CE895A300645580 /* SnapKit in Frameworks */ = {isa = PBXBuildFile; productRef = 2B8728E62CE895A300645580 /* SnapKit */; };
		2B8728EA2CE8964500645580 /* SnapKit in Frameworks */ = {isa = PBXBuildFile; productRef = 2B8728E92CE8964500645580 /* SnapKit */; };
		2B872A222CF9E8B200645580 /* SnapKit in Frameworks */ = {isa = PBXBuildFile; productRef = 2B872A212CF9E8B200645580 /* SnapKit */; };
/* End PBXBuildFile section */

/* Begin PBXContainerItemProxy section */
		2B800F922CD7593500B56BD1 /* PBXContainerItemProxy */ = {
			isa = PBXContainerItemProxy;
			containerPortal = 2B800F732CD7593200B56BD1 /* Project object */;
			proxyType = 1;
			remoteGlobalIDString = 2B800F7A2CD7593200B56BD1;
			remoteInfo = kream_r;
		};
		2B800F9C2CD7593600B56BD1 /* PBXContainerItemProxy */ = {
			isa = PBXContainerItemProxy;
			containerPortal = 2B800F732CD7593200B56BD1 /* Project object */;
			proxyType = 1;
			remoteGlobalIDString = 2B800F7A2CD7593200B56BD1;
			remoteInfo = kream_r;
		};
/* End PBXContainerItemProxy section */

/* Begin PBXCopyFilesBuildPhase section */
		2BEC433C2CE5D4BD00F05635 /* Embed Frameworks */ = {
			isa = PBXCopyFilesBuildPhase;
			buildActionMask = 2147483647;
			dstPath = "";
			dstSubfolderSpec = 10;
			files = (
			);
			name = "Embed Frameworks";
			runOnlyForDeploymentPostprocessing = 0;
		};
/* End PBXCopyFilesBuildPhase section */

/* Begin PBXFileReference section */
		2B800F7B2CD7593200B56BD1 /* kream_r.app */ = {isa = PBXFileReference; explicitFileType = wrapper.application; includeInIndex = 0; path = kream_r.app; sourceTree = BUILT_PRODUCTS_DIR; };
		2B800F912CD7593500B56BD1 /* kream_rTests.xctest */ = {isa = PBXFileReference; explicitFileType = wrapper.cfbundle; includeInIndex = 0; path = kream_rTests.xctest; sourceTree = BUILT_PRODUCTS_DIR; };
		2B800F9B2CD7593600B56BD1 /* kream_rUITests.xctest */ = {isa = PBXFileReference; explicitFileType = wrapper.cfbundle; includeInIndex = 0; path = kream_rUITests.xctest; sourceTree = BUILT_PRODUCTS_DIR; };
/* End PBXFileReference section */

/* Begin PBXFileSystemSynchronizedBuildFileExceptionSet section */
		2B800FA32CD7593600B56BD1 /* Exceptions for "kream_r" folder in "kream_r" target */ = {
			isa = PBXFileSystemSynchronizedBuildFileExceptionSet;
			membershipExceptions = (
				Info.plist,
			);
			target = 2B800F7A2CD7593200B56BD1 /* kream_r */;
		};
/* End PBXFileSystemSynchronizedBuildFileExceptionSet section */

/* Begin PBXFileSystemSynchronizedRootGroup section */
		2B800F7D2CD7593200B56BD1 /* kream_r */ = {
			isa = PBXFileSystemSynchronizedRootGroup;
			exceptions = (
				2B800FA32CD7593600B56BD1 /* Exceptions for "kream_r" folder in "kream_r" target */,
			);
			path = kream_r;
			sourceTree = "<group>";
		};
		2B800F942CD7593500B56BD1 /* kream_rTests */ = {
			isa = PBXFileSystemSynchronizedRootGroup;
			path = kream_rTests;
			sourceTree = "<group>";
		};
		2B800F9E2CD7593600B56BD1 /* kream_rUITests */ = {
			isa = PBXFileSystemSynchronizedRootGroup;
			path = kream_rUITests;
			sourceTree = "<group>";
		};
/* End PBXFileSystemSynchronizedRootGroup section */

/* Begin PBXFrameworksBuildPhase section */
		2B800F782CD7593200B56BD1 /* Frameworks */ = {
			isa = PBXFrameworksBuildPhase;
			buildActionMask = 2147483647;
			files = (
				2B87280D2CE8792000645580 /* SnapKit-Dynamic in Frameworks */,
				2B8728E72CE895A300645580 /* SnapKit in Frameworks */,
				2B8728142CE87A6300645580 /* SnapKit in Frameworks */,
				2B8728DF2CE8914A00645580 /* SnapKit in Frameworks */,
				2B8728E22CE8924D00645580 /* SnapKit in Frameworks */,
				2B8728102CE8792800645580 /* Then in Frameworks */,
				2B8728012CE878C400645580 /* SnapKit in Frameworks */,
				2B8728122CE87A5300645580 /* Then in Frameworks */,
				2B8728162CE87A6300645580 /* SnapKit-Dynamic in Frameworks */,
				2B87280B2CE8792000645580 /* SnapKit in Frameworks */,
				2B8728DD2CE88FA300645580 /* Then in Frameworks */,
				2B8728EA2CE8964500645580 /* SnapKit in Frameworks */,
				2B8728E52CE8925900645580 /* Then in Frameworks */,
				2B8728062CE878D000645580 /* Then in Frameworks */,
				2B8728032CE878C400645580 /* SnapKit-Dynamic in Frameworks */,
				2B872A222CF9E8B200645580 /* SnapKit in Frameworks */,
				2B8728DB2CE88F8D00645580 /* SnapKit-Dynamic in Frameworks */,
				2B8728D92CE88F8D00645580 /* SnapKit in Frameworks */,
			);
			runOnlyForDeploymentPostprocessing = 0;
		};
		2B800F8E2CD7593500B56BD1 /* Frameworks */ = {
			isa = PBXFrameworksBuildPhase;
			buildActionMask = 2147483647;
			files = (
			);
			runOnlyForDeploymentPostprocessing = 0;
		};
		2B800F982CD7593600B56BD1 /* Frameworks */ = {
			isa = PBXFrameworksBuildPhase;
			buildActionMask = 2147483647;
			files = (
			);
			runOnlyForDeploymentPostprocessing = 0;
		};
/* End PBXFrameworksBuildPhase section */

/* Begin PBXGroup section */
		2B800F722CD7593200B56BD1 = {
			isa = PBXGroup;
			children = (
				2B800F7D2CD7593200B56BD1 /* kream_r */,
				2B800F942CD7593500B56BD1 /* kream_rTests */,
				2B800F9E2CD7593600B56BD1 /* kream_rUITests */,
				2B8727FA2CE877C100645580 /* Frameworks */,
				2B800F7C2CD7593200B56BD1 /* Products */,
			);
			sourceTree = "<group>";
		};
		2B800F7C2CD7593200B56BD1 /* Products */ = {
			isa = PBXGroup;
			children = (
				2B800F7B2CD7593200B56BD1 /* kream_r.app */,
				2B800F912CD7593500B56BD1 /* kream_rTests.xctest */,
				2B800F9B2CD7593600B56BD1 /* kream_rUITests.xctest */,
			);
			name = Products;
			sourceTree = "<group>";
		};
		2B8727FA2CE877C100645580 /* Frameworks */ = {
			isa = PBXGroup;
			children = (
			);
			name = Frameworks;
			sourceTree = "<group>";
		};
/* End PBXGroup section */

/* Begin PBXNativeTarget section */
		2B800F7A2CD7593200B56BD1 /* kream_r */ = {
			isa = PBXNativeTarget;
			buildConfigurationList = 2B800FA42CD7593600B56BD1 /* Build configuration list for PBXNativeTarget "kream_r" */;
			buildPhases = (
				2B800F772CD7593200B56BD1 /* Sources */,
				2B800F782CD7593200B56BD1 /* Frameworks */,
				2B800F792CD7593200B56BD1 /* Resources */,
				2BEC433C2CE5D4BD00F05635 /* Embed Frameworks */,
			);
			buildRules = (
			);
			dependencies = (
			);
			fileSystemSynchronizedGroups = (
				2B800F7D2CD7593200B56BD1 /* kream_r */,
			);
			name = kream_r;
			productName = kream_r;
			productReference = 2B800F7B2CD7593200B56BD1 /* kream_r.app */;
			productType = "com.apple.product-type.application";
		};
		2B800F902CD7593500B56BD1 /* kream_rTests */ = {
			isa = PBXNativeTarget;
			buildConfigurationList = 2B800FA92CD7593600B56BD1 /* Build configuration list for PBXNativeTarget "kream_rTests" */;
			buildPhases = (
				0BA4F24F030DE59F50CDCFAB /* [CP] Check Pods Manifest.lock */,
				2B800F8D2CD7593500B56BD1 /* Sources */,
				2B800F8E2CD7593500B56BD1 /* Frameworks */,
				2B800F8F2CD7593500B56BD1 /* Resources */,
			);
			buildRules = (
			);
			dependencies = (
				2B800F932CD7593500B56BD1 /* PBXTargetDependency */,
			);
			fileSystemSynchronizedGroups = (
				2B800F942CD7593500B56BD1 /* kream_rTests */,
			);
			name = kream_rTests;
			productName = kream_rTests;
			productReference = 2B800F912CD7593500B56BD1 /* kream_rTests.xctest */;
			productType = "com.apple.product-type.bundle.unit-test";
		};
		2B800F9A2CD7593600B56BD1 /* kream_rUITests */ = {
			isa = PBXNativeTarget;
			buildConfigurationList = 2B800FAC2CD7593600B56BD1 /* Build configuration list for PBXNativeTarget "kream_rUITests" */;
			buildPhases = (
				034E13D99E63FF837F4B7606 /* [CP] Check Pods Manifest.lock */,
				2B800F972CD7593600B56BD1 /* Sources */,
				2B800F982CD7593600B56BD1 /* Frameworks */,
				2B800F992CD7593600B56BD1 /* Resources */,
				EC91C8B4C9BDF6F12620E201 /* [CP] Copy Pods Resources */,
			);
			buildRules = (
			);
			dependencies = (
				2B800F9D2CD7593600B56BD1 /* PBXTargetDependency */,
			);
			fileSystemSynchronizedGroups = (
				2B800F9E2CD7593600B56BD1 /* kream_rUITests */,
			);
			name = kream_rUITests;
			productName = kream_rUITests;
			productReference = 2B800F9B2CD7593600B56BD1 /* kream_rUITests.xctest */;
			productType = "com.apple.product-type.bundle.ui-testing";
		};
/* End PBXNativeTarget section */

/* Begin PBXProject section */
		2B800F732CD7593200B56BD1 /* Project object */ = {
			isa = PBXProject;
			attributes = {
				BuildIndependentTargetsInParallel = 1;
				LastSwiftUpdateCheck = 1610;
				LastUpgradeCheck = 1610;
				TargetAttributes = {
					2B800F7A2CD7593200B56BD1 = {
						CreatedOnToolsVersion = 16.1;
					};
					2B800F902CD7593500B56BD1 = {
						CreatedOnToolsVersion = 16.1;
						TestTargetID = 2B800F7A2CD7593200B56BD1;
					};
					2B800F9A2CD7593600B56BD1 = {
						CreatedOnToolsVersion = 16.1;
						TestTargetID = 2B800F7A2CD7593200B56BD1;
					};
				};
			};
			buildConfigurationList = 2B800F762CD7593200B56BD1 /* Build configuration list for PBXProject "kream_r" */;
			developmentRegion = en;
			hasScannedForEncodings = 0;
			knownRegions = (
				en,
				Base,
			);
			mainGroup = 2B800F722CD7593200B56BD1;
			minimizedProjectReferenceProxies = 1;
			packageReferences = (
				2B8728E32CE8925900645580 /* XCRemoteSwiftPackageReference "Then" */,
				2B8728E82CE8964500645580 /* XCRemoteSwiftPackageReference "SnapKit" */,
			);
			preferredProjectObjectVersion = 77;
			productRefGroup = 2B800F7C2CD7593200B56BD1 /* Products */;
			projectDirPath = "";
			projectRoot = "";
			targets = (
				2B800F7A2CD7593200B56BD1 /* kream_r */,
				2B800F902CD7593500B56BD1 /* kream_rTests */,
				2B800F9A2CD7593600B56BD1 /* kream_rUITests */,
			);
		};
/* End PBXProject section */

/* Begin PBXResourcesBuildPhase section */
		2B800F792CD7593200B56BD1 /* Resources */ = {
			isa = PBXResourcesBuildPhase;
			buildActionMask = 2147483647;
			files = (
			);
			runOnlyForDeploymentPostprocessing = 0;
		};
		2B800F8F2CD7593500B56BD1 /* Resources */ = {
			isa = PBXResourcesBuildPhase;
			buildActionMask = 2147483647;
			files = (
			);
			runOnlyForDeploymentPostprocessing = 0;
		};
		2B800F992CD7593600B56BD1 /* Resources */ = {
			isa = PBXResourcesBuildPhase;
			buildActionMask = 2147483647;
			files = (
			);
			runOnlyForDeploymentPostprocessing = 0;
		};
/* End PBXResourcesBuildPhase section */

/* Begin PBXShellScriptBuildPhase section */
		034E13D99E63FF837F4B7606 /* [CP] Check Pods Manifest.lock */ = {
			isa = PBXShellScriptBuildPhase;
			buildActionMask = 2147483647;
			files = (
			);
			inputFileListPaths = (
			);
			inputPaths = (
				"${PODS_PODFILE_DIR_PATH}/Podfile.lock",
				"${PODS_ROOT}/Manifest.lock",
			);
			name = "[CP] Check Pods Manifest.lock";
			outputFileListPaths = (
			);
			outputPaths = (
				"$(DERIVED_FILE_DIR)/Pods-kream_r-kream_rUITests-checkManifestLockResult.txt",
			);
			runOnlyForDeploymentPostprocessing = 0;
			shellPath = /bin/sh;
			shellScript = "diff \"${PODS_PODFILE_DIR_PATH}/Podfile.lock\" \"${PODS_ROOT}/Manifest.lock\" > /dev/null\nif [ $? != 0 ] ; then\n    # print error to STDERR\n    echo \"error: The sandbox is not in sync with the Podfile.lock. Run 'pod install' or update your CocoaPods installation.\" >&2\n    exit 1\nfi\n# This output is used by Xcode 'outputs' to avoid re-running this script phase.\necho \"SUCCESS\" > \"${SCRIPT_OUTPUT_FILE_0}\"\n";
			showEnvVarsInLog = 0;
		};
		0BA4F24F030DE59F50CDCFAB /* [CP] Check Pods Manifest.lock */ = {
			isa = PBXShellScriptBuildPhase;
			buildActionMask = 2147483647;
			files = (
			);
			inputFileListPaths = (
			);
			inputPaths = (
				"${PODS_PODFILE_DIR_PATH}/Podfile.lock",
				"${PODS_ROOT}/Manifest.lock",
			);
			name = "[CP] Check Pods Manifest.lock";
			outputFileListPaths = (
			);
			outputPaths = (
				"$(DERIVED_FILE_DIR)/Pods-kream_rTests-checkManifestLockResult.txt",
			);
			runOnlyForDeploymentPostprocessing = 0;
			shellPath = /bin/sh;
			shellScript = "diff \"${PODS_PODFILE_DIR_PATH}/Podfile.lock\" \"${PODS_ROOT}/Manifest.lock\" > /dev/null\nif [ $? != 0 ] ; then\n    # print error to STDERR\n    echo \"error: The sandbox is not in sync with the Podfile.lock. Run 'pod install' or update your CocoaPods installation.\" >&2\n    exit 1\nfi\n# This output is used by Xcode 'outputs' to avoid re-running this script phase.\necho \"SUCCESS\" > \"${SCRIPT_OUTPUT_FILE_0}\"\n";
			showEnvVarsInLog = 0;
		};
		EC91C8B4C9BDF6F12620E201 /* [CP] Copy Pods Resources */ = {
			isa = PBXShellScriptBuildPhase;
			buildActionMask = 2147483647;
			files = (
			);
			inputFileListPaths = (
				"${PODS_ROOT}/Target Support Files/Pods-kream_r-kream_rUITests/Pods-kream_r-kream_rUITests-resources-${CONFIGURATION}-input-files.xcfilelist",
			);
			name = "[CP] Copy Pods Resources";
			outputFileListPaths = (
				"${PODS_ROOT}/Target Support Files/Pods-kream_r-kream_rUITests/Pods-kream_r-kream_rUITests-resources-${CONFIGURATION}-output-files.xcfilelist",
			);
			runOnlyForDeploymentPostprocessing = 0;
			shellPath = /bin/sh;
			shellScript = "\"${PODS_ROOT}/Target Support Files/Pods-kream_r-kream_rUITests/Pods-kream_r-kream_rUITests-resources.sh\"\n";
			showEnvVarsInLog = 0;
		};
/* End PBXShellScriptBuildPhase section */

/* Begin PBXSourcesBuildPhase section */
		2B800F772CD7593200B56BD1 /* Sources */ = {
			isa = PBXSourcesBuildPhase;
			buildActionMask = 2147483647;
			files = (
			);
			runOnlyForDeploymentPostprocessing = 0;
		};
		2B800F8D2CD7593500B56BD1 /* Sources */ = {
			isa = PBXSourcesBuildPhase;
			buildActionMask = 2147483647;
			files = (
			);
			runOnlyForDeploymentPostprocessing = 0;
		};
		2B800F972CD7593600B56BD1 /* Sources */ = {
			isa = PBXSourcesBuildPhase;
			buildActionMask = 2147483647;
			files = (
			);
			runOnlyForDeploymentPostprocessing = 0;
		};
/* End PBXSourcesBuildPhase section */

/* Begin PBXTargetDependency section */
		2B800F932CD7593500B56BD1 /* PBXTargetDependency */ = {
			isa = PBXTargetDependency;
			target = 2B800F7A2CD7593200B56BD1 /* kream_r */;
			targetProxy = 2B800F922CD7593500B56BD1 /* PBXContainerItemProxy */;
		};
		2B800F9D2CD7593600B56BD1 /* PBXTargetDependency */ = {
			isa = PBXTargetDependency;
			target = 2B800F7A2CD7593200B56BD1 /* kream_r */;
			targetProxy = 2B800F9C2CD7593600B56BD1 /* PBXContainerItemProxy */;
		};
/* End PBXTargetDependency section */

/* Begin XCBuildConfiguration section */
		2B800FA52CD7593600B56BD1 /* Debug */ = {
			isa = XCBuildConfiguration;
			buildSettings = {
				ASSETCATALOG_COMPILER_APPICON_NAME = AppIcon;
				ASSETCATALOG_COMPILER_GLOBAL_ACCENT_COLOR_NAME = AccentColor;
				CODE_SIGN_STYLE = Automatic;
				CURRENT_PROJECT_VERSION = 1;
				DEVELOPMENT_TEAM = WU2RBYL9Y4;
				GENERATE_INFOPLIST_FILE = YES;
				INFOPLIST_FILE = kream_r/Info.plist;
				INFOPLIST_KEY_UIApplicationSupportsIndirectInputEvents = YES;
				INFOPLIST_KEY_UILaunchStoryboardName = LaunchScreen;
				INFOPLIST_KEY_UIMainStoryboardFile = "";
				INFOPLIST_KEY_UISupportedInterfaceOrientations_iPad = "UIInterfaceOrientationPortrait UIInterfaceOrientationPortraitUpsideDown UIInterfaceOrientationLandscapeLeft UIInterfaceOrientationLandscapeRight";
				INFOPLIST_KEY_UISupportedInterfaceOrientations_iPhone = "UIInterfaceOrientationPortrait UIInterfaceOrientationLandscapeLeft UIInterfaceOrientationLandscapeRight";
				LD_RUNPATH_SEARCH_PATHS = (
					"$(inherited)",
					"@executable_path/Frameworks",
				);
				MARKETING_VERSION = 1.0;
				PRODUCT_BUNDLE_IDENTIFIER = "www.yoendu.kream-r";
				PRODUCT_NAME = "$(TARGET_NAME)";
				SWIFT_EMIT_LOC_STRINGS = YES;
				SWIFT_VERSION = 5.0;
				TARGETED_DEVICE_FAMILY = "1,2";
			};
			name = Debug;
		};
		2B800FA62CD7593600B56BD1 /* Release */ = {
			isa = XCBuildConfiguration;
			buildSettings = {
				ASSETCATALOG_COMPILER_APPICON_NAME = AppIcon;
				ASSETCATALOG_COMPILER_GLOBAL_ACCENT_COLOR_NAME = AccentColor;
				CODE_SIGN_STYLE = Automatic;
				CURRENT_PROJECT_VERSION = 1;
				DEVELOPMENT_TEAM = WU2RBYL9Y4;
				GENERATE_INFOPLIST_FILE = YES;
				INFOPLIST_FILE = kream_r/Info.plist;
				INFOPLIST_KEY_UIApplicationSupportsIndirectInputEvents = YES;
				INFOPLIST_KEY_UILaunchStoryboardName = LaunchScreen;
				INFOPLIST_KEY_UIMainStoryboardFile = "";
				INFOPLIST_KEY_UISupportedInterfaceOrientations_iPad = "UIInterfaceOrientationPortrait UIInterfaceOrientationPortraitUpsideDown UIInterfaceOrientationLandscapeLeft UIInterfaceOrientationLandscapeRight";
				INFOPLIST_KEY_UISupportedInterfaceOrientations_iPhone = "UIInterfaceOrientationPortrait UIInterfaceOrientationLandscapeLeft UIInterfaceOrientationLandscapeRight";
				LD_RUNPATH_SEARCH_PATHS = (
					"$(inherited)",
					"@executable_path/Frameworks",
				);
				MARKETING_VERSION = 1.0;
				PRODUCT_BUNDLE_IDENTIFIER = "www.yoendu.kream-r";
				PRODUCT_NAME = "$(TARGET_NAME)";
				SWIFT_EMIT_LOC_STRINGS = YES;
				SWIFT_VERSION = 5.0;
				TARGETED_DEVICE_FAMILY = "1,2";
			};
			name = Release;
		};
		2B800FA72CD7593600B56BD1 /* Debug */ = {
			isa = XCBuildConfiguration;
			buildSettings = {
				ALWAYS_SEARCH_USER_PATHS = NO;
				ASSETCATALOG_COMPILER_GENERATE_SWIFT_ASSET_SYMBOL_EXTENSIONS = YES;
				CLANG_ANALYZER_NONNULL = YES;
				CLANG_ANALYZER_NUMBER_OBJECT_CONVERSION = YES_AGGRESSIVE;
				CLANG_CXX_LANGUAGE_STANDARD = "gnu++20";
				CLANG_ENABLE_MODULES = YES;
				CLANG_ENABLE_OBJC_ARC = YES;
				CLANG_ENABLE_OBJC_WEAK = YES;
				CLANG_WARN_BLOCK_CAPTURE_AUTORELEASING = YES;
				CLANG_WARN_BOOL_CONVERSION = YES;
				CLANG_WARN_COMMA = YES;
				CLANG_WARN_CONSTANT_CONVERSION = YES;
				CLANG_WARN_DEPRECATED_OBJC_IMPLEMENTATIONS = YES;
				CLANG_WARN_DIRECT_OBJC_ISA_USAGE = YES_ERROR;
				CLANG_WARN_DOCUMENTATION_COMMENTS = YES;
				CLANG_WARN_EMPTY_BODY = YES;
				CLANG_WARN_ENUM_CONVERSION = YES;
				CLANG_WARN_INFINITE_RECURSION = YES;
				CLANG_WARN_INT_CONVERSION = YES;
				CLANG_WARN_NON_LITERAL_NULL_CONVERSION = YES;
				CLANG_WARN_OBJC_IMPLICIT_RETAIN_SELF = YES;
				CLANG_WARN_OBJC_LITERAL_CONVERSION = YES;
				CLANG_WARN_OBJC_ROOT_CLASS = YES_ERROR;
				CLANG_WARN_QUOTED_INCLUDE_IN_FRAMEWORK_HEADER = YES;
				CLANG_WARN_RANGE_LOOP_ANALYSIS = YES;
				CLANG_WARN_STRICT_PROTOTYPES = YES;
				CLANG_WARN_SUSPICIOUS_MOVE = YES;
				CLANG_WARN_UNGUARDED_AVAILABILITY = YES_AGGRESSIVE;
				CLANG_WARN_UNREACHABLE_CODE = YES;
				CLANG_WARN__DUPLICATE_METHOD_MATCH = YES;
				COPY_PHASE_STRIP = NO;
				DEBUG_INFORMATION_FORMAT = dwarf;
				ENABLE_STRICT_OBJC_MSGSEND = YES;
				ENABLE_TESTABILITY = YES;
				ENABLE_USER_SCRIPT_SANDBOXING = YES;
				GCC_C_LANGUAGE_STANDARD = gnu17;
				GCC_DYNAMIC_NO_PIC = NO;
				GCC_NO_COMMON_BLOCKS = YES;
				GCC_OPTIMIZATION_LEVEL = 0;
				GCC_PREPROCESSOR_DEFINITIONS = (
					"DEBUG=1",
					"$(inherited)",
				);
				GCC_WARN_64_TO_32_BIT_CONVERSION = YES;
				GCC_WARN_ABOUT_RETURN_TYPE = YES_ERROR;
				GCC_WARN_UNDECLARED_SELECTOR = YES;
				GCC_WARN_UNINITIALIZED_AUTOS = YES_AGGRESSIVE;
				GCC_WARN_UNUSED_FUNCTION = YES;
				GCC_WARN_UNUSED_VARIABLE = YES;
				IPHONEOS_DEPLOYMENT_TARGET = 18.1;
				LOCALIZATION_PREFERS_STRING_CATALOGS = YES;
				MTL_ENABLE_DEBUG_INFO = INCLUDE_SOURCE;
				MTL_FAST_MATH = YES;
				ONLY_ACTIVE_ARCH = YES;
				SDKROOT = iphoneos;
				SWIFT_ACTIVE_COMPILATION_CONDITIONS = "DEBUG $(inherited)";
				SWIFT_OPTIMIZATION_LEVEL = "-Onone";
			};
			name = Debug;
		};
		2B800FA82CD7593600B56BD1 /* Release */ = {
			isa = XCBuildConfiguration;
			buildSettings = {
				ALWAYS_SEARCH_USER_PATHS = NO;
				ASSETCATALOG_COMPILER_GENERATE_SWIFT_ASSET_SYMBOL_EXTENSIONS = YES;
				CLANG_ANALYZER_NONNULL = YES;
				CLANG_ANALYZER_NUMBER_OBJECT_CONVERSION = YES_AGGRESSIVE;
				CLANG_CXX_LANGUAGE_STANDARD = "gnu++20";
				CLANG_ENABLE_MODULES = YES;
				CLANG_ENABLE_OBJC_ARC = YES;
				CLANG_ENABLE_OBJC_WEAK = YES;
				CLANG_WARN_BLOCK_CAPTURE_AUTORELEASING = YES;
				CLANG_WARN_BOOL_CONVERSION = YES;
				CLANG_WARN_COMMA = YES;
				CLANG_WARN_CONSTANT_CONVERSION = YES;
				CLANG_WARN_DEPRECATED_OBJC_IMPLEMENTATIONS = YES;
				CLANG_WARN_DIRECT_OBJC_ISA_USAGE = YES_ERROR;
				CLANG_WARN_DOCUMENTATION_COMMENTS = YES;
				CLANG_WARN_EMPTY_BODY = YES;
				CLANG_WARN_ENUM_CONVERSION = YES;
				CLANG_WARN_INFINITE_RECURSION = YES;
				CLANG_WARN_INT_CONVERSION = YES;
				CLANG_WARN_NON_LITERAL_NULL_CONVERSION = YES;
				CLANG_WARN_OBJC_IMPLICIT_RETAIN_SELF = YES;
				CLANG_WARN_OBJC_LITERAL_CONVERSION = YES;
				CLANG_WARN_OBJC_ROOT_CLASS = YES_ERROR;
				CLANG_WARN_QUOTED_INCLUDE_IN_FRAMEWORK_HEADER = YES;
				CLANG_WARN_RANGE_LOOP_ANALYSIS = YES;
				CLANG_WARN_STRICT_PROTOTYPES = YES;
				CLANG_WARN_SUSPICIOUS_MOVE = YES;
				CLANG_WARN_UNGUARDED_AVAILABILITY = YES_AGGRESSIVE;
				CLANG_WARN_UNREACHABLE_CODE = YES;
				CLANG_WARN__DUPLICATE_METHOD_MATCH = YES;
				COPY_PHASE_STRIP = NO;
				DEBUG_INFORMATION_FORMAT = "dwarf-with-dsym";
				ENABLE_NS_ASSERTIONS = NO;
				ENABLE_STRICT_OBJC_MSGSEND = YES;
				ENABLE_USER_SCRIPT_SANDBOXING = YES;
				GCC_C_LANGUAGE_STANDARD = gnu17;
				GCC_NO_COMMON_BLOCKS = YES;
				GCC_WARN_64_TO_32_BIT_CONVERSION = YES;
				GCC_WARN_ABOUT_RETURN_TYPE = YES_ERROR;
				GCC_WARN_UNDECLARED_SELECTOR = YES;
				GCC_WARN_UNINITIALIZED_AUTOS = YES_AGGRESSIVE;
				GCC_WARN_UNUSED_FUNCTION = YES;
				GCC_WARN_UNUSED_VARIABLE = YES;
				IPHONEOS_DEPLOYMENT_TARGET = 18.1;
				LOCALIZATION_PREFERS_STRING_CATALOGS = YES;
				MTL_ENABLE_DEBUG_INFO = NO;
				MTL_FAST_MATH = YES;
				SDKROOT = iphoneos;
				SWIFT_COMPILATION_MODE = wholemodule;
				VALIDATE_PRODUCT = YES;
			};
			name = Release;
		};
		2B800FAA2CD7593600B56BD1 /* Debug */ = {
			isa = XCBuildConfiguration;
			buildSettings = {
				BUNDLE_LOADER = "$(TEST_HOST)";
				CODE_SIGN_STYLE = Automatic;
				CURRENT_PROJECT_VERSION = 1;
				DEVELOPMENT_TEAM = WU2RBYL9Y4;
				GENERATE_INFOPLIST_FILE = YES;
				IPHONEOS_DEPLOYMENT_TARGET = 18.1;
				MARKETING_VERSION = 1.0;
				PRODUCT_BUNDLE_IDENTIFIER = "www.yoendu.kream-rTests";
				PRODUCT_NAME = "$(TARGET_NAME)";
				SWIFT_EMIT_LOC_STRINGS = NO;
				SWIFT_VERSION = 5.0;
				TARGETED_DEVICE_FAMILY = "1,2";
				TEST_HOST = "$(BUILT_PRODUCTS_DIR)/kream_r.app/$(BUNDLE_EXECUTABLE_FOLDER_PATH)/kream_r";
			};
			name = Debug;
		};
		2B800FAB2CD7593600B56BD1 /* Release */ = {
			isa = XCBuildConfiguration;
			buildSettings = {
				BUNDLE_LOADER = "$(TEST_HOST)";
				CODE_SIGN_STYLE = Automatic;
				CURRENT_PROJECT_VERSION = 1;
				DEVELOPMENT_TEAM = WU2RBYL9Y4;
				GENERATE_INFOPLIST_FILE = YES;
				IPHONEOS_DEPLOYMENT_TARGET = 18.1;
				MARKETING_VERSION = 1.0;
				PRODUCT_BUNDLE_IDENTIFIER = "www.yoendu.kream-rTests";
				PRODUCT_NAME = "$(TARGET_NAME)";
				SWIFT_EMIT_LOC_STRINGS = NO;
				SWIFT_VERSION = 5.0;
				TARGETED_DEVICE_FAMILY = "1,2";
				TEST_HOST = "$(BUILT_PRODUCTS_DIR)/kream_r.app/$(BUNDLE_EXECUTABLE_FOLDER_PATH)/kream_r";
			};
			name = Release;
		};
		2B800FAD2CD7593600B56BD1 /* Debug */ = {
			isa = XCBuildConfiguration;
			buildSettings = {
				CODE_SIGN_STYLE = Automatic;
				CURRENT_PROJECT_VERSION = 1;
				DEVELOPMENT_TEAM = WU2RBYL9Y4;
				GENERATE_INFOPLIST_FILE = YES;
				MARKETING_VERSION = 1.0;
				PRODUCT_BUNDLE_IDENTIFIER = "www.yoendu.kream-rUITests";
				PRODUCT_NAME = "$(TARGET_NAME)";
				SWIFT_EMIT_LOC_STRINGS = NO;
				SWIFT_VERSION = 5.0;
				TARGETED_DEVICE_FAMILY = "1,2";
				TEST_TARGET_NAME = kream_r;
			};
			name = Debug;
		};
		2B800FAE2CD7593600B56BD1 /* Release */ = {
			isa = XCBuildConfiguration;
			buildSettings = {
				CODE_SIGN_STYLE = Automatic;
				CURRENT_PROJECT_VERSION = 1;
				DEVELOPMENT_TEAM = WU2RBYL9Y4;
				GENERATE_INFOPLIST_FILE = YES;
				MARKETING_VERSION = 1.0;
				PRODUCT_BUNDLE_IDENTIFIER = "www.yoendu.kream-rUITests";
				PRODUCT_NAME = "$(TARGET_NAME)";
				SWIFT_EMIT_LOC_STRINGS = NO;
				SWIFT_VERSION = 5.0;
				TARGETED_DEVICE_FAMILY = "1,2";
				TEST_TARGET_NAME = kream_r;
			};
			name = Release;
		};
/* End XCBuildConfiguration section */

/* Begin XCConfigurationList section */
		2B800F762CD7593200B56BD1 /* Build configuration list for PBXProject "kream_r" */ = {
			isa = XCConfigurationList;
			buildConfigurations = (
				2B800FA72CD7593600B56BD1 /* Debug */,
				2B800FA82CD7593600B56BD1 /* Release */,
			);
			defaultConfigurationIsVisible = 0;
			defaultConfigurationName = Release;
		};
		2B800FA42CD7593600B56BD1 /* Build configuration list for PBXNativeTarget "kream_r" */ = {
			isa = XCConfigurationList;
			buildConfigurations = (
				2B800FA52CD7593600B56BD1 /* Debug */,
				2B800FA62CD7593600B56BD1 /* Release */,
			);
			defaultConfigurationIsVisible = 0;
			defaultConfigurationName = Release;
		};
		2B800FA92CD7593600B56BD1 /* Build configuration list for PBXNativeTarget "kream_rTests" */ = {
			isa = XCConfigurationList;
			buildConfigurations = (
				2B800FAA2CD7593600B56BD1 /* Debug */,
				2B800FAB2CD7593600B56BD1 /* Release */,
			);
			defaultConfigurationIsVisible = 0;
			defaultConfigurationName = Release;
		};
		2B800FAC2CD7593600B56BD1 /* Build configuration list for PBXNativeTarget "kream_rUITests" */ = {
			isa = XCConfigurationList;
			buildConfigurations = (
				2B800FAD2CD7593600B56BD1 /* Debug */,
				2B800FAE2CD7593600B56BD1 /* Release */,
			);
			defaultConfigurationIsVisible = 0;
			defaultConfigurationName = Release;
		};
/* End XCConfigurationList section */

/* Begin XCRemoteSwiftPackageReference section */
		2B8727FF2CE878C400645580 /* XCRemoteSwiftPackageReference "SnapKit" */ = {
			isa = XCRemoteSwiftPackageReference;
			repositoryURL = "https://github.com/SnapKit/SnapKit";
			requirement = {
				kind = upToNextMajorVersion;
				minimumVersion = 5.7.1;
			};
		};
		2B8728042CE878D000645580 /* XCRemoteSwiftPackageReference "Then" */ = {
			isa = XCRemoteSwiftPackageReference;
			repositoryURL = "https://github.com/devxoul/Then";
			requirement = {
				kind = upToNextMajorVersion;
				minimumVersion = 3.0.0;
			};
		};
		2B8728092CE8792000645580 /* XCRemoteSwiftPackageReference "SnapKit" */ = {
			isa = XCRemoteSwiftPackageReference;
			repositoryURL = "https://github.com/SnapKit/SnapKit";
			requirement = {
				kind = upToNextMajorVersion;
				minimumVersion = 5.7.1;
			};
		};
		2B87280E2CE8792800645580 /* XCRemoteSwiftPackageReference "Then" */ = {
			isa = XCRemoteSwiftPackageReference;
			repositoryURL = "https://github.com/devxoul/Then";
			requirement = {
				kind = upToNextMajorVersion;
				minimumVersion = 3.0.0;
			};
		};
		2B8728E02CE8924D00645580 /* XCRemoteSwiftPackageReference "SnapKit" */ = {
			isa = XCRemoteSwiftPackageReference;
			repositoryURL = "https://github.com/SnapKit/SnapKit";
			requirement = {
				kind = upToNextMajorVersion;
				minimumVersion = 5.7.1;
			};
		};
		2B8728E32CE8925900645580 /* XCRemoteSwiftPackageReference "Then" */ = {
			isa = XCRemoteSwiftPackageReference;
			repositoryURL = "https://github.com/devxoul/Then.git";
			requirement = {
				kind = upToNextMajorVersion;
				minimumVersion = 3.0.0;
			};
		};
		2B8728E82CE8964500645580 /* XCRemoteSwiftPackageReference "SnapKit" */ = {
			isa = XCRemoteSwiftPackageReference;
			repositoryURL = "https://github.com/SnapKit/SnapKit.git";
			requirement = {
				kind = upToNextMajorVersion;
				minimumVersion = 5.7.1;
			};
		};
/* End XCRemoteSwiftPackageReference section */

/* Begin XCSwiftPackageProductDependency section */
		2B8728002CE878C400645580 /* SnapKit */ = {
			isa = XCSwiftPackageProductDependency;
			package = 2B8727FF2CE878C400645580 /* XCRemoteSwiftPackageReference "SnapKit" */;
			productName = SnapKit;
		};
		2B8728022CE878C400645580 /* SnapKit-Dynamic */ = {
			isa = XCSwiftPackageProductDependency;
			package = 2B8727FF2CE878C400645580 /* XCRemoteSwiftPackageReference "SnapKit" */;
			productName = "SnapKit-Dynamic";
		};
		2B8728052CE878D000645580 /* Then */ = {
			isa = XCSwiftPackageProductDependency;
			package = 2B8728042CE878D000645580 /* XCRemoteSwiftPackageReference "Then" */;
			productName = Then;
		};
		2B87280A2CE8792000645580 /* SnapKit */ = {
			isa = XCSwiftPackageProductDependency;
			package = 2B8728092CE8792000645580 /* XCRemoteSwiftPackageReference "SnapKit" */;
			productName = SnapKit;
		};
		2B87280C2CE8792000645580 /* SnapKit-Dynamic */ = {
			isa = XCSwiftPackageProductDependency;
			package = 2B8728092CE8792000645580 /* XCRemoteSwiftPackageReference "SnapKit" */;
			productName = "SnapKit-Dynamic";
		};
		2B87280F2CE8792800645580 /* Then */ = {
			isa = XCSwiftPackageProductDependency;
			package = 2B87280E2CE8792800645580 /* XCRemoteSwiftPackageReference "Then" */;
			productName = Then;
		};
		2B8728112CE87A5300645580 /* Then */ = {
			isa = XCSwiftPackageProductDependency;
			package = 2B87280E2CE8792800645580 /* XCRemoteSwiftPackageReference "Then" */;
			productName = Then;
		};
		2B8728132CE87A6300645580 /* SnapKit */ = {
			isa = XCSwiftPackageProductDependency;
			package = 2B8728092CE8792000645580 /* XCRemoteSwiftPackageReference "SnapKit" */;
			productName = SnapKit;
		};
		2B8728152CE87A6300645580 /* SnapKit-Dynamic */ = {
			isa = XCSwiftPackageProductDependency;
			package = 2B8728092CE8792000645580 /* XCRemoteSwiftPackageReference "SnapKit" */;
			productName = "SnapKit-Dynamic";
		};
		2B8728D82CE88F8D00645580 /* SnapKit */ = {
			isa = XCSwiftPackageProductDependency;
			package = 2B8728092CE8792000645580 /* XCRemoteSwiftPackageReference "SnapKit" */;
			productName = SnapKit;
		};
		2B8728DA2CE88F8D00645580 /* SnapKit-Dynamic */ = {
			isa = XCSwiftPackageProductDependency;
			package = 2B8728092CE8792000645580 /* XCRemoteSwiftPackageReference "SnapKit" */;
			productName = "SnapKit-Dynamic";
		};
		2B8728DC2CE88FA300645580 /* Then */ = {
			isa = XCSwiftPackageProductDependency;
			package = 2B87280E2CE8792800645580 /* XCRemoteSwiftPackageReference "Then" */;
			productName = Then;
		};
		2B8728DE2CE8914A00645580 /* SnapKit */ = {
			isa = XCSwiftPackageProductDependency;
			package = 2B8728092CE8792000645580 /* XCRemoteSwiftPackageReference "SnapKit" */;
			productName = SnapKit;
		};
		2B8728E12CE8924D00645580 /* SnapKit */ = {
			isa = XCSwiftPackageProductDependency;
			package = 2B8728E02CE8924D00645580 /* XCRemoteSwiftPackageReference "SnapKit" */;
			productName = SnapKit;
		};
		2B8728E42CE8925900645580 /* Then */ = {
			isa = XCSwiftPackageProductDependency;
			package = 2B8728E32CE8925900645580 /* XCRemoteSwiftPackageReference "Then" */;
			productName = Then;
		};
		2B8728E62CE895A300645580 /* SnapKit */ = {
			isa = XCSwiftPackageProductDependency;
			package = 2B8728E02CE8924D00645580 /* XCRemoteSwiftPackageReference "SnapKit" */;
			productName = SnapKit;
		};
		2B8728E92CE8964500645580 /* SnapKit */ = {
			isa = XCSwiftPackageProductDependency;
			package = 2B8728E82CE8964500645580 /* XCRemoteSwiftPackageReference "SnapKit" */;
			productName = SnapKit;
		};
		2B872A212CF9E8B200645580 /* SnapKit */ = {
			isa = XCSwiftPackageProductDependency;
			productName = SnapKit;
		};
/* End XCSwiftPackageProductDependency section */
	};
	rootObject = 2B800F732CD7593200B56BD1 /* Project object */;
}
