// !$*UTF8*$!
{
	archiveVersion = 1;
	classes = {
	};
	objectVersion = 77;
	objects = {

/* Begin PBXContainerItemProxy section */
		2B800F922CD7593500B56BD1 /* PBXContainerItemProxy */ = {
			isa = PBXContainerItemProxy;
			containerPortal = 2B800F732CD7593200B56BD1 /* Project object */;
			proxyType = 1;
			remoteGlobalIDString = 2B800F7A2CD7593200B56BD1;
			remoteInfo = kream_r;
		};
		2B800F9C2CD7593600B56BD1 /* PBXContainerItemProxy */ = {
			isa = PBXContainerItemProxy;
			containerPortal = 2B800F732CD7593200B56BD1 /* Project object */;
			proxyType = 1;
			remoteGlobalIDString = 2B800F7A2CD7593200B56BD1;
			remoteInfo = kream_r;
		};
/* End PBXContainerItemProxy section */

/* Begin PBXFileReference section */
		2B800F7B2CD7593200B56BD1 /* kream_r.app */ = {isa = PBXFileReference; explicitFileType = wrapper.application; includeInIndex = 0; path = kream_r.app; sourceTree = BUILT_PRODUCTS_DIR; };
		2B800F912CD7593500B56BD1 /* kream_rTests.xctest */ = {isa = PBXFileReference; explicitFileType = wrapper.cfbundle; includeInIndex = 0; path = kream_rTests.xctest; sourceTree = BUILT_PRODUCTS_DIR; };
		2B800F9B2CD7593600B56BD1 /* kream_rUITests.xctest */ = {isa = PBXFileReference; explicitFileType = wrapper.cfbundle; includeInIndex = 0; path = kream_rUITests.xctest; sourceTree = BUILT_PRODUCTS_DIR; };
/* End PBXFileReference section */

/* Begin PBXFileSystemSynchronizedBuildFileExceptionSet section */
		2B800FA32CD7593600B56BD1 /* Exceptions for "kream_r" folder in "kream_r" target */ = {
			isa = PBXFileSystemSynchronizedBuildFileExceptionSet;
			membershipExceptions = (
				Info.plist,
			);
			target = 2B800F7A2CD7593200B56BD1 /* kream_r */;
		};
/* End PBXFileSystemSynchronizedBuildFileExceptionSet section */

/* Begin PBXFileSystemSynchronizedRootGroup section */
		2B800F7D2CD7593200B56BD1 /* kream_r */ = {
			isa = PBXFileSystemSynchronizedRootGroup;
			exceptions = (
				2B800FA32CD7593600B56BD1 /* Exceptions for "kream_r" folder in "kream_r" target */,
			);
			path = kream_r;
			sourceTree = "<group>";
		};
		2B800F942CD7593500B56BD1 /* kream_rTests */ = {
			isa = PBXFileSystemSynchronizedRootGroup;
			path = kream_rTests;
			sourceTree = "<group>";
		};
		2B800F9E2CD7593600B56BD1 /* kream_rUITests */ = {
			isa = PBXFileSystemSynchronizedRootGroup;
			path = kream_rUITests;
			sourceTree = "<group>";
		};
/* End PBXFileSystemSynchronizedRootGroup section */

/* Begin PBXFrameworksBuildPhase section */
		2B800F782CD7593200B56BD1 /* Frameworks */ = {
			isa = PBXFrameworksBuildPhase;
			buildActionMask = 2147483647;
			files = (
			);
			runOnlyForDeploymentPostprocessing = 0;
		};
		2B800F8E2CD7593500B56BD1 /* Frameworks */ = {
			isa = PBXFrameworksBuildPhase;
			buildActionMask = 2147483647;
			files = (
			);
			runOnlyForDeploymentPostprocessing = 0;
		};
		2B800F982CD7593600B56BD1 /* Frameworks */ = {
			isa = PBXFrameworksBuildPhase;
			buildActionMask = 2147483647;
			files = (
			);
			runOnlyForDeploymentPostprocessing = 0;
		};
/* End PBXFrameworksBuildPhase section */

/* Begin PBXGroup section */
		2B800F722CD7593200B56BD1 = {
			isa = PBXGroup;
			children = (
				2B800F7D2CD7593200B56BD1 /* kream_r */,
				2B800F942CD7593500B56BD1 /* kream_rTests */,
				2B800F9E2CD7593600B56BD1 /* kream_rUITests */,
				2B800F7C2CD7593200B56BD1 /* Products */,
			);
			sourceTree = "<group>";
		};
		2B800F7C2CD7593200B56BD1 /* Products */ = {
			isa = PBXGroup;
			children = (
				2B800F7B2CD7593200B56BD1 /* kream_r.app */,
				2B800F912CD7593500B56BD1 /* kream_rTests.xctest */,
				2B800F9B2CD7593600B56BD1 /* kream_rUITests.xctest */,
			);
			name = Products;
			sourceTree = "<group>";
		};
/* End PBXGroup section */

/* Begin PBXNativeTarget section */
		2B800F7A2CD7593200B56BD1 /* kream_r */ = {
			isa = PBXNativeTarget;
			buildConfigurationList = 2B800FA42CD7593600B56BD1 /* Build configuration list for PBXNativeTarget "kream_r" */;
			buildPhases = (
				2B800F772CD7593200B56BD1 /* Sources */,
				2B800F782CD7593200B56BD1 /* Frameworks */,
				2B800F792CD7593200B56BD1 /* Resources */,
			);
			buildRules = (
			);
			dependencies = (
			);
			fileSystemSynchronizedGroups = (
				2B800F7D2CD7593200B56BD1 /* kream_r */,
			);
			name = kream_r;
			packageProductDependencies = (
			);
			productName = kream_r;
			productReference = 2B800F7B2CD7593200B56BD1 /* kream_r.app */;
			productType = "com.apple.product-type.application";
		};
		2B800F902CD7593500B56BD1 /* kream_rTests */ = {
			isa = PBXNativeTarget;
			buildConfigurationList = 2B800FA92CD7593600B56BD1 /* Build configuration list for PBXNativeTarget "kream_rTests" */;
			buildPhases = (
				2B800F8D2CD7593500B56BD1 /* Sources */,
				2B800F8E2CD7593500B56BD1 /* Frameworks */,
				2B800F8F2CD7593500B56BD1 /* Resources */,
			);
			buildRules = (
			);
			dependencies = (
				2B800F932CD7593500B56BD1 /* PBXTargetDependency */,
			);
			fileSystemSynchronizedGroups = (
				2B800F942CD7593500B56BD1 /* kream_rTests */,
			);
			name = kream_rTests;
			packageProductDependencies = (
			);
			productName = kream_rTests;
			productReference = 2B800F912CD7593500B56BD1 /* kream_rTests.xctest */;
			productType = "com.apple.product-type.bundle.unit-test";
		};
		2B800F9A2CD7593600B56BD1 /* kream_rUITests */ = {
			isa = PBXNativeTarget;
			buildConfigurationList = 2B800FAC2CD7593600B56BD1 /* Build configuration list for PBXNativeTarget "kream_rUITests" */;
			buildPhases = (
				2B800F972CD7593600B56BD1 /* Sources */,
				2B800F982CD7593600B56BD1 /* Frameworks */,
				2B800F992CD7593600B56BD1 /* Resources */,
			);
			buildRules = (
			);
			dependencies = (
				2B800F9D2CD7593600B56BD1 /* PBXTargetDependency */,
			);
			fileSystemSynchronizedGroups = (
				2B800F9E2CD7593600B56BD1 /* kream_rUITests */,
			);
			name = kream_rUITests;
			packageProductDependencies = (
			);
			productName = kream_rUITests;
			productReference = 2B800F9B2CD7593600B56BD1 /* kream_rUITests.xctest */;
			productType = "com.apple.product-type.bundle.ui-testing";
		};
/* End PBXNativeTarget section */

/* Begin PBXProject section */
		2B800F732CD7593200B56BD1 /* Project object */ = {
			isa = PBXProject;
			attributes = {
				BuildIndependentTargetsInParallel = 1;
				LastSwiftUpdateCheck = 1610;
				LastUpgradeCheck = 1610;
				TargetAttributes = {
					2B800F7A2CD7593200B56BD1 = {
						CreatedOnToolsVersion = 16.1;
					};
					2B800F902CD7593500B56BD1 = {
						CreatedOnToolsVersion = 16.1;
						TestTargetID = 2B800F7A2CD7593200B56BD1;
					};
					2B800F9A2CD7593600B56BD1 = {
						CreatedOnToolsVersion = 16.1;
						TestTargetID = 2B800F7A2CD7593200B56BD1;
					};
				};
			};
			buildConfigurationList = 2B800F762CD7593200B56BD1 /* Build configuration list for PBXProject "kream_r" */;
			developmentRegion = en;
			hasScannedForEncodings = 0;
			knownRegions = (
				en,
				Base,
			);
			mainGroup = 2B800F722CD7593200B56BD1;
			minimizedProjectReferenceProxies = 1;
			preferredProjectObjectVersion = 77;
			productRefGroup = 2B800F7C2CD7593200B56BD1 /* Products */;
			projectDirPath = "";
			projectRoot = "";
			targets = (
				2B800F7A2CD7593200B56BD1 /* kream_r */,
				2B800F902CD7593500B56BD1 /* kream_rTests */,
				2B800F9A2CD7593600B56BD1 /* kream_rUITests */,
			);
		};
/* End PBXProject section */

/* Begin PBXResourcesBuildPhase section */
		2B800F792CD7593200B56BD1 /* Resources */ = {
			isa = PBXResourcesBuildPhase;
			buildActionMask = 2147483647;
			files = (
			);
			runOnlyForDeploymentPostprocessing = 0;
		};
		2B800F8F2CD7593500B56BD1 /* Resources */ = {
			isa = PBXResourcesBuildPhase;
			buildActionMask = 2147483647;
			files = (
			);
			runOnlyForDeploymentPostprocessing = 0;
		};
		2B800F992CD7593600B56BD1 /* Resources */ = {
			isa = PBXResourcesBuildPhase;
			buildActionMask = 2147483647;
			files = (
			);
			runOnlyForDeploymentPostprocessing = 0;
		};
/* End PBXResourcesBuildPhase section */

/* Begin PBXSourcesBuildPhase section */
		2B800F772CD7593200B56BD1 /* Sources */ = {
			isa = PBXSourcesBuildPhase;
			buildActionMask = 2147483647;
			files = (
			);
			runOnlyForDeploymentPostprocessing = 0;
		};
		2B800F8D2CD7593500B56BD1 /* Sources */ = {
			isa = PBXSourcesBuildPhase;
			buildActionMask = 2147483647;
			files = (
			);
			runOnlyForDeploymentPostprocessing = 0;
		};
		2B800F972CD7593600B56BD1 /* Sources */ = {
			isa = PBXSourcesBuildPhase;
			buildActionMask = 2147483647;
			files = (
			);
			runOnlyForDeploymentPostprocessing = 0;
		};
/* End PBXSourcesBuildPhase section */

/* Begin PBXTargetDependency section */
		2B800F932CD7593500B56BD1 /* PBXTargetDependency */ = {
			isa = PBXTargetDependency;
			target = 2B800F7A2CD7593200B56BD1 /* kream_r */;
			targetProxy = 2B800F922CD7593500B56BD1 /* PBXContainerItemProxy */;
		};
		2B800F9D2CD7593600B56BD1 /* PBXTargetDependency */ = {
			isa = PBXTargetDependency;
			target = 2B800F7A2CD7593200B56BD1 /* kream_r */;
			targetProxy = 2B800F9C2CD7593600B56BD1 /* PBXContainerItemProxy */;
		};
/* End PBXTargetDependency section */

/* Begin XCBuildConfiguration section */
		2B800FA52CD7593600B56BD1 /* Debug */ = {
			isa = XCBuildConfiguration;
			buildSettings = {
				ASSETCATALOG_COMPILER_APPICON_NAME = AppIcon;
				ASSETCATALOG_COMPILER_GLOBAL_ACCENT_COLOR_NAME = AccentColor;
				CODE_SIGN_STYLE = Automatic;
				CURRENT_PROJECT_VERSION = 1;
				DEVELOPMENT_TEAM = WU2RBYL9Y4;
				GENERATE_INFOPLIST_FILE = YES;
				INFOPLIST_FILE = kream_r/Info.plist;
				INFOPLIST_KEY_UIApplicationSupportsIndirectInputEvents = YES;
				INFOPLIST_KEY_UILaunchStoryboardName = LaunchScreen;
				INFOPLIST_KEY_UIMainStoryboardFile = "";
				INFOPLIST_KEY_UISupportedInterfaceOrientations_iPad = "UIInterfaceOrientationPortrait UIInterfaceOrientationPortraitUpsideDown UIInterfaceOrientationLandscapeLeft UIInterfaceOrientationLandscapeRight";
				INFOPLIST_KEY_UISupportedInterfaceOrientations_iPhone = "UIInterfaceOrientationPortrait UIInterfaceOrientationLandscapeLeft UIInterfaceOrientationLandscapeRight";
				LD_RUNPATH_SEARCH_PATHS = (
					"$(inherited)",
					"@executable_path/Frameworks",
				);
				MARKETING_VERSION = 1.0;
				PRODUCT_BUNDLE_IDENTIFIER = "www.yoendu.kream-r";
				PRODUCT_NAME = "$(TARGET_NAME)";
				SWIFT_EMIT_LOC_STRINGS = YES;
				SWIFT_VERSION = 5.0;
				TARGETED_DEVICE_FAMILY = "1,2";
			};
			name = Debug;
		};
		2B800FA62CD7593600B56BD1 /* Release */ = {
			isa = XCBuildConfiguration;
			buildSettings = {
				ASSETCATALOG_COMPILER_APPICON_NAME = AppIcon;
				ASSETCATALOG_COMPILER_GLOBAL_ACCENT_COLOR_NAME = AccentColor;
				CODE_SIGN_STYLE = Automatic;
				CURRENT_PROJECT_VERSION = 1;
				DEVELOPMENT_TEAM = WU2RBYL9Y4;
				GENERATE_INFOPLIST_FILE = YES;
				INFOPLIST_FILE = kream_r/Info.plist;
				INFOPLIST_KEY_UIApplicationSupportsIndirectInputEvents = YES;
				INFOPLIST_KEY_UILaunchStoryboardName = LaunchScreen;
				INFOPLIST_KEY_UIMainStoryboardFile = "";
				INFOPLIST_KEY_UISupportedInterfaceOrientations_iPad = "UIInterfaceOrientationPortrait UIInterfaceOrientationPortraitUpsideDown UIInterfaceOrientationLandscapeLeft UIInterfaceOrientationLandscapeRight";
				INFOPLIST_KEY_UISupportedInterfaceOrientations_iPhone = "UIInterfaceOrientationPortrait UIInterfaceOrientationLandscapeLeft UIInterfaceOrientationLandscapeRight";
				LD_RUNPATH_SEARCH_PATHS = (
					"$(inherited)",
					"@executable_path/Frameworks",
				);
				MARKETING_VERSION = 1.0;
				PRODUCT_BUNDLE_IDENTIFIER = "www.yoendu.kream-r";
				PRODUCT_NAME = "$(TARGET_NAME)";
				SWIFT_EMIT_LOC_STRINGS = YES;
				SWIFT_VERSION = 5.0;
				TARGETED_DEVICE_FAMILY = "1,2";
			};
			name = Release;
		};
		2B800FA72CD7593600B56BD1 /* Debug */ = {
			isa = XCBuildConfiguration;
			buildSettings = {
				ALWAYS_SEARCH_USER_PATHS = NO;
				ASSETCATALOG_COMPILER_GENERATE_SWIFT_ASSET_SYMBOL_EXTENSIONS = YES;
				CLANG_ANALYZER_NONNULL = YES;
				CLANG_ANALYZER_NUMBER_OBJECT_CONVERSION = YES_AGGRESSIVE;
				CLANG_CXX_LANGUAGE_STANDARD = "gnu++20";
				CLANG_ENABLE_MODULES = YES;
				CLANG_ENABLE_OBJC_ARC = YES;
				CLANG_ENABLE_OBJC_WEAK = YES;
				CLANG_WARN_BLOCK_CAPTURE_AUTORELEASING = YES;
				CLANG_WARN_BOOL_CONVERSION = YES;
				CLANG_WARN_COMMA = YES;
				CLANG_WARN_CONSTANT_CONVERSION = YES;
				CLANG_WARN_DEPRECATED_OBJC_IMPLEMENTATIONS = YES;
				CLANG_WARN_DIRECT_OBJC_ISA_USAGE = YES_ERROR;
				CLANG_WARN_DOCUMENTATION_COMMENTS = YES;
				CLANG_WARN_EMPTY_BODY = YES;
				CLANG_WARN_ENUM_CONVERSION = YES;
				CLANG_WARN_INFINITE_RECURSION = YES;
				CLANG_WARN_INT_CONVERSION = YES;
				CLANG_WARN_NON_LITERAL_NULL_CONVERSION = YES;
				CLANG_WARN_OBJC_IMPLICIT_RETAIN_SELF = YES;
				CLANG_WARN_OBJC_LITERAL_CONVERSION = YES;
				CLANG_WARN_OBJC_ROOT_CLASS = YES_ERROR;
				CLANG_WARN_QUOTED_INCLUDE_IN_FRAMEWORK_HEADER = YES;
				CLANG_WARN_RANGE_LOOP_ANALYSIS = YES;
				CLANG_WARN_STRICT_PROTOTYPES = YES;
				CLANG_WARN_SUSPICIOUS_MOVE = YES;
				CLANG_WARN_UNGUARDED_AVAILABILITY = YES_AGGRESSIVE;
				CLANG_WARN_UNREACHABLE_CODE = YES;
				CLANG_WARN__DUPLICATE_METHOD_MATCH = YES;
				COPY_PHASE_STRIP = NO;
				DEBUG_INFORMATION_FORMAT = dwarf;
				ENABLE_STRICT_OBJC_MSGSEND = YES;
				ENABLE_TESTABILITY = YES;
				ENABLE_USER_SCRIPT_SANDBOXING = YES;
				GCC_C_LANGUAGE_STANDARD = gnu17;
				GCC_DYNAMIC_NO_PIC = NO;
				GCC_NO_COMMON_BLOCKS = YES;
				GCC_OPTIMIZATION_LEVEL = 0;
				GCC_PREPROCESSOR_DEFINITIONS = (
					"DEBUG=1",
					"$(inherited)",
				);
				GCC_WARN_64_TO_32_BIT_CONVERSION = YES;
				GCC_WARN_ABOUT_RETURN_TYPE = YES_ERROR;
				GCC_WARN_UNDECLARED_SELECTOR = YES;
				GCC_WARN_UNINITIALIZED_AUTOS = YES_AGGRESSIVE;
				GCC_WARN_UNUSED_FUNCTION = YES;
				GCC_WARN_UNUSED_VARIABLE = YES;
				IPHONEOS_DEPLOYMENT_TARGET = 18.1;
				LOCALIZATION_PREFERS_STRING_CATALOGS = YES;
				MTL_ENABLE_DEBUG_INFO = INCLUDE_SOURCE;
				MTL_FAST_MATH = YES;
				ONLY_ACTIVE_ARCH = YES;
				SDKROOT = iphoneos;
				SWIFT_ACTIVE_COMPILATION_CONDITIONS = "DEBUG $(inherited)";
				SWIFT_OPTIMIZATION_LEVEL = "-Onone";
			};
			name = Debug;
		};
		2B800FA82CD7593600B56BD1 /* Release */ = {
			isa = XCBuildConfiguration;
			buildSettings = {
				ALWAYS_SEARCH_USER_PATHS = NO;
				ASSETCATALOG_COMPILER_GENERATE_SWIFT_ASSET_SYMBOL_EXTENSIONS = YES;
				CLANG_ANALYZER_NONNULL = YES;
				CLANG_ANALYZER_NUMBER_OBJECT_CONVERSION = YES_AGGRESSIVE;
				CLANG_CXX_LANGUAGE_STANDARD = "gnu++20";
				CLANG_ENABLE_MODULES = YES;
				CLANG_ENABLE_OBJC_ARC = YES;
				CLANG_ENABLE_OBJC_WEAK = YES;
				CLANG_WARN_BLOCK_CAPTURE_AUTORELEASING = YES;
				CLANG_WARN_BOOL_CONVERSION = YES;
				CLANG_WARN_COMMA = YES;
				CLANG_WARN_CONSTANT_CONVERSION = YES;
				CLANG_WARN_DEPRECATED_OBJC_IMPLEMENTATIONS = YES;
				CLANG_WARN_DIRECT_OBJC_ISA_USAGE = YES_ERROR;
				CLANG_WARN_DOCUMENTATION_COMMENTS = YES;
				CLANG_WARN_EMPTY_BODY = YES;
				CLANG_WARN_ENUM_CONVERSION = YES;
				CLANG_WARN_INFINITE_RECURSION = YES;
				CLANG_WARN_INT_CONVERSION = YES;
				CLANG_WARN_NON_LITERAL_NULL_CONVERSION = YES;
				CLANG_WARN_OBJC_IMPLICIT_RETAIN_SELF = YES;
				CLANG_WARN_OBJC_LITERAL_CONVERSION = YES;
				CLANG_WARN_OBJC_ROOT_CLASS = YES_ERROR;
				CLANG_WARN_QUOTED_INCLUDE_IN_FRAMEWORK_HEADER = YES;
				CLANG_WARN_RANGE_LOOP_ANALYSIS = YES;
				CLANG_WARN_STRICT_PROTOTYPES = YES;
				CLANG_WARN_SUSPICIOUS_MOVE = YES;
				CLANG_WARN_UNGUARDED_AVAILABILITY = YES_AGGRESSIVE;
				CLANG_WARN_UNREACHABLE_CODE = YES;
				CLANG_WARN__DUPLICATE_METHOD_MATCH = YES;
				COPY_PHASE_STRIP = NO;
				DEBUG_INFORMATION_FORMAT = "dwarf-with-dsym";
				ENABLE_NS_ASSERTIONS = NO;
				ENABLE_STRICT_OBJC_MSGSEND = YES;
				ENABLE_USER_SCRIPT_SANDBOXING = YES;
				GCC_C_LANGUAGE_STANDARD = gnu17;
				GCC_NO_COMMON_BLOCKS = YES;
				GCC_WARN_64_TO_32_BIT_CONVERSION = YES;
				GCC_WARN_ABOUT_RETURN_TYPE = YES_ERROR;
				GCC_WARN_UNDECLARED_SELECTOR = YES;
				GCC_WARN_UNINITIALIZED_AUTOS = YES_AGGRESSIVE;
				GCC_WARN_UNUSED_FUNCTION = YES;
				GCC_WARN_UNUSED_VARIABLE = YES;
				IPHONEOS_DEPLOYMENT_TARGET = 18.1;
				LOCALIZATION_PREFERS_STRING_CATALOGS = YES;
				MTL_ENABLE_DEBUG_INFO = NO;
				MTL_FAST_MATH = YES;
				SDKROOT = iphoneos;
				SWIFT_COMPILATION_MODE = wholemodule;
				VALIDATE_PRODUCT = YES;
			};
			name = Release;
		};
		2B800FAA2CD7593600B56BD1 /* Debug */ = {
			isa = XCBuildConfiguration;
			buildSettings = {
				BUNDLE_LOADER = "$(TEST_HOST)";
				CODE_SIGN_STYLE = Automatic;
				CURRENT_PROJECT_VERSION = 1;
				DEVELOPMENT_TEAM = WU2RBYL9Y4;
				GENERATE_INFOPLIST_FILE = YES;
				IPHONEOS_DEPLOYMENT_TARGET = 18.1;
				MARKETING_VERSION = 1.0;
				PRODUCT_BUNDLE_IDENTIFIER = "www.yoendu.kream-rTests";
				PRODUCT_NAME = "$(TARGET_NAME)";
				SWIFT_EMIT_LOC_STRINGS = NO;
				SWIFT_VERSION = 5.0;
				TARGETED_DEVICE_FAMILY = "1,2";
				TEST_HOST = "$(BUILT_PRODUCTS_DIR)/kream_r.app/$(BUNDLE_EXECUTABLE_FOLDER_PATH)/kream_r";
			};
			name = Debug;
		};
		2B800FAB2CD7593600B56BD1 /* Release */ = {
			isa = XCBuildConfiguration;
			buildSettings = {
				BUNDLE_LOADER = "$(TEST_HOST)";
				CODE_SIGN_STYLE = Automatic;
				CURRENT_PROJECT_VERSION = 1;
				DEVELOPMENT_TEAM = WU2RBYL9Y4;
				GENERATE_INFOPLIST_FILE = YES;
				IPHONEOS_DEPLOYMENT_TARGET = 18.1;
				MARKETING_VERSION = 1.0;
				PRODUCT_BUNDLE_IDENTIFIER = "www.yoendu.kream-rTests";
				PRODUCT_NAME = "$(TARGET_NAME)";
				SWIFT_EMIT_LOC_STRINGS = NO;
				SWIFT_VERSION = 5.0;
				TARGETED_DEVICE_FAMILY = "1,2";
				TEST_HOST = "$(BUILT_PRODUCTS_DIR)/kream_r.app/$(BUNDLE_EXECUTABLE_FOLDER_PATH)/kream_r";
			};
			name = Release;
		};
		2B800FAD2CD7593600B56BD1 /* Debug */ = {
			isa = XCBuildConfiguration;
			buildSettings = {
				CODE_SIGN_STYLE = Automatic;
				CURRENT_PROJECT_VERSION = 1;
				DEVELOPMENT_TEAM = WU2RBYL9Y4;
				GENERATE_INFOPLIST_FILE = YES;
				MARKETING_VERSION = 1.0;
				PRODUCT_BUNDLE_IDENTIFIER = "www.yoendu.kream-rUITests";
				PRODUCT_NAME = "$(TARGET_NAME)";
				SWIFT_EMIT_LOC_STRINGS = NO;
				SWIFT_VERSION = 5.0;
				TARGETED_DEVICE_FAMILY = "1,2";
				TEST_TARGET_NAME = kream_r;
			};
			name = Debug;
		};
		2B800FAE2CD7593600B56BD1 /* Release */ = {
			isa = XCBuildConfiguration;
			buildSettings = {
				CODE_SIGN_STYLE = Automatic;
				CURRENT_PROJECT_VERSION = 1;
				DEVELOPMENT_TEAM = WU2RBYL9Y4;
				GENERATE_INFOPLIST_FILE = YES;
				MARKETING_VERSION = 1.0;
				PRODUCT_BUNDLE_IDENTIFIER = "www.yoendu.kream-rUITests";
				PRODUCT_NAME = "$(TARGET_NAME)";
				SWIFT_EMIT_LOC_STRINGS = NO;
				SWIFT_VERSION = 5.0;
				TARGETED_DEVICE_FAMILY = "1,2";
				TEST_TARGET_NAME = kream_r;
			};
			name = Release;
		};
/* End XCBuildConfiguration section */

/* Begin XCConfigurationList section */
		2B800F762CD7593200B56BD1 /* Build configuration list for PBXProject "kream_r" */ = {
			isa = XCConfigurationList;
			buildConfigurations = (
				2B800FA72CD7593600B56BD1 /* Debug */,
				2B800FA82CD7593600B56BD1 /* Release */,
			);
			defaultConfigurationIsVisible = 0;
			defaultConfigurationName = Release;
		};
		2B800FA42CD7593600B56BD1 /* Build configuration list for PBXNativeTarget "kream_r" */ = {
			isa = XCConfigurationList;
			buildConfigurations = (
				2B800FA52CD7593600B56BD1 /* Debug */,
				2B800FA62CD7593600B56BD1 /* Release */,
			);
			defaultConfigurationIsVisible = 0;
			defaultConfigurationName = Release;
		};
		2B800FA92CD7593600B56BD1 /* Build configuration list for PBXNativeTarget "kream_rTests" */ = {
			isa = XCConfigurationList;
			buildConfigurations = (
				2B800FAA2CD7593600B56BD1 /* Debug */,
				2B800FAB2CD7593600B56BD1 /* Release */,
			);
			defaultConfigurationIsVisible = 0;
			defaultConfigurationName = Release;
		};
		2B800FAC2CD7593600B56BD1 /* Build configuration list for PBXNativeTarget "kream_rUITests" */ = {
			isa = XCConfigurationList;
			buildConfigurations = (
				2B800FAD2CD7593600B56BD1 /* Debug */,
				2B800FAE2CD7593600B56BD1 /* Release */,
			);
			defaultConfigurationIsVisible = 0;
			defaultConfigurationName = Release;
		};
/* End XCConfigurationList section */
	};
	rootObject = 2B800F732CD7593200B56BD1 /* Project object */;
}
